
Microsoft Visual Studio Solution File, Format Version 12.00
# Visual Studio 15
VisualStudioVersion = 15.0.27703.1
MinimumVisualStudioVersion = 10.0.40219.1
Project("{FAE04EC0-301F-11D3-BF4B-00C04F79EFBC}") = "CRMS", "CRMS\CRMS.csproj", "{00CC2F78-3DCA-4C62-AFD3-3099D4800957}"
EndProject
Project("{FAE04EC0-301F-11D3-BF4B-00C04F79EFBC}") = "Repository", "Repository\Repository.csproj", "{93164AA4-30D1-476E-A219-C0CE94DFEBDD}"
EndProject
Project("{2150E333-8FDC-42A3-9474-1A3956D46DE8}") = "CRMS.WebApi", "CRMS.WebApi", "{0AA27B4B-4745-439C-8DA2-8407D1B25588}"
EndProject
Project("{2150E333-8FDC-42A3-9474-1A3956D46DE8}") = "Data", "Data", "{CB9CA205-F2F0-4887-864C-5D9067041BC1}"
EndProject
Project("{2150E333-8FDC-42A3-9474-1A3956D46DE8}") = "Repository", "Repository", "{0B02E01C-2EF5-4513-B417-895669E96721}"
EndProject
Project("{FAE04EC0-301F-11D3-BF4B-00C04F79EFBC}") = "Data", "Data\Data.csproj", "{709DD145-D2B5-4D6E-A6C1-552E6D7668A0}"
EndProject
Global
	GlobalSection(SolutionConfigurationPlatforms) = preSolution
		Debug|Any CPU = Debug|Any CPU
		Release|Any CPU = Release|Any CPU
	EndGlobalSection
	GlobalSection(ProjectConfigurationPlatforms) = postSolution
		{00CC2F78-3DCA-4C62-AFD3-3099D4800957}.Debug|Any CPU.ActiveCfg = Debug|Any CPU
		{00CC2F78-3DCA-4C62-AFD3-3099D4800957}.Debug|Any CPU.Build.0 = Debug|Any CPU
		{00CC2F78-3DCA-4C62-AFD3-3099D4800957}.Release|Any CPU.ActiveCfg = Release|Any CPU
		{00CC2F78-3DCA-4C62-AFD3-3099D4800957}.Release|Any CPU.Build.0 = Release|Any CPU
		{93164AA4-30D1-476E-A219-C0CE94DFEBDD}.Debug|Any CPU.ActiveCfg = Debug|Any CPU
		{93164AA4-30D1-476E-A219-C0CE94DFEBDD}.Debug|Any CPU.Build.0 = Debug|Any CPU
		{93164AA4-30D1-476E-A219-C0CE94DFEBDD}.Release|Any CPU.ActiveCfg = Release|Any CPU
		{93164AA4-30D1-476E-A219-C0CE94DFEBDD}.Release|Any CPU.Build.0 = Release|Any CPU
		{709DD145-D2B5-4D6E-A6C1-552E6D7668A0}.Debug|Any CPU.ActiveCfg = Debug|Any CPU
		{709DD145-D2B5-4D6E-A6C1-552E6D7668A0}.Debug|Any CPU.Build.0 = Debug|Any CPU
		{709DD145-D2B5-4D6E-A6C1-552E6D7668A0}.Release|Any CPU.ActiveCfg = Release|Any CPU
		{709DD145-D2B5-4D6E-A6C1-552E6D7668A0}.Release|Any CPU.Build.0 = Release|Any CPU
	EndGlobalSection
	GlobalSection(SolutionProperties) = preSolution
		HideSolutionNode = FALSE
	EndGlobalSection
	GlobalSection(NestedProjects) = preSolution
		{00CC2F78-3DCA-4C62-AFD3-3099D4800957} = {0AA27B4B-4745-439C-8DA2-8407D1B25588}
		{93164AA4-30D1-476E-A219-C0CE94DFEBDD} = {0B02E01C-2EF5-4513-B417-895669E96721}
		{709DD145-D2B5-4D6E-A6C1-552E6D7668A0} = {CB9CA205-F2F0-4887-864C-5D9067041BC1}
	EndGlobalSection
	GlobalSection(ExtensibilityGlobals) = postSolution
		SolutionGuid = {21DAC04D-439D-4FD8-9D41-B2AE4037E349}
	EndGlobalSection
EndGlobal
